
Microsoft Visual Studio Solution File, Format Version 12.00
# Visual Studio Version 17
VisualStudioVersion = 17.0.31903.59
MinimumVisualStudioVersion = 10.0.40219.1
Project("{FAE04EC0-301F-11D3-BF4B-00C04F79EFBC}") = "Classes", "Classes\Classes.csproj", "{2F5BBE8F-E0A3-4494-914D-F609A1B79ACD}"
EndProject
Project("{FAE04EC0-301F-11D3-BF4B-00C04F79EFBC}") = "ConsoleApp", "ConsoleApp\ConsoleApp.csproj", "{46BB2E25-92B0-4D01-9F59-13205F76A76E}"
EndProject
Global
	GlobalSection(SolutionConfigurationPlatforms) = preSolution
		Debug|Any CPU = Debug|Any CPU
		Release|Any CPU = Release|Any CPU
	EndGlobalSection
	GlobalSection(SolutionProperties) = preSolution
		HideSolutionNode = FALSE
	EndGlobalSection
	GlobalSection(ProjectConfigurationPlatforms) = postSolution
		{2F5BBE8F-E0A3-4494-914D-F609A1B79ACD}.Debug|Any CPU.ActiveCfg = Debug|Any CPU
		{2F5BBE8F-E0A3-4494-914D-F609A1B79ACD}.Debug|Any CPU.Build.0 = Debug|Any CPU
		{2F5BBE8F-E0A3-4494-914D-F609A1B79ACD}.Release|Any CPU.ActiveCfg = Release|Any CPU
		{2F5BBE8F-E0A3-4494-914D-F609A1B79ACD}.Release|Any CPU.Build.0 = Release|Any CPU
		{46BB2E25-92B0-4D01-9F59-13205F76A76E}.Debug|Any CPU.ActiveCfg = Debug|Any CPU
		{46BB2E25-92B0-4D01-9F59-13205F76A76E}.Debug|Any CPU.Build.0 = Debug|Any CPU
		{46BB2E25-92B0-4D01-9F59-13205F76A76E}.Release|Any CPU.ActiveCfg = Release|Any CPU
		{46BB2E25-92B0-4D01-9F59-13205F76A76E}.Release|Any CPU.Build.0 = Release|Any CPU
	EndGlobalSection
EndGlobal
